
Microsoft Visual Studio Solution File, Format Version 12.00
# Visual Studio 15
Project("{FAE04EC0-301F-11D3-BF4B-00C04F79EFBC}") = "MSALSample.Android", "MSALSample.Android\MSALSample.Android.csproj", "{8FB3BD1C-BCCF-46A7-92F4-F1BB7C014E6C}"
EndProject
Project("{FAE04EC0-301F-11D3-BF4B-00C04F79EFBC}") = "MSALSample.iOS", "MSALSample.iOS\MSALSample.iOS.csproj", "{0E076373-BAB1-4C01-ABAB-C3CE8DB9B0A7}"
EndProject
Project("{FAE04EC0-301F-11D3-BF4B-00C04F79EFBC}") = "MSALSample", "MSALSample\MSALSample.csproj", "{17DD045D-931D-4390-AC81-DC0F7CEC3734}"
EndProject
Global
	GlobalSection(SolutionConfigurationPlatforms) = preSolution
		Debug|Any CPU = Debug|Any CPU
		Release|Any CPU = Release|Any CPU
		Debug|iPhoneSimulator = Debug|iPhoneSimulator
		Release|iPhoneSimulator = Release|iPhoneSimulator
		Debug|iPhone = Debug|iPhone
		Release|iPhone = Release|iPhone
	EndGlobalSection
	GlobalSection(ProjectConfigurationPlatforms) = postSolution
		{8FB3BD1C-BCCF-46A7-92F4-F1BB7C014E6C}.Debug|Any CPU.ActiveCfg = Debug|Any CPU
		{8FB3BD1C-BCCF-46A7-92F4-F1BB7C014E6C}.Debug|Any CPU.Build.0 = Debug|Any CPU
		{8FB3BD1C-BCCF-46A7-92F4-F1BB7C014E6C}.Release|Any CPU.ActiveCfg = Release|Any CPU
		{8FB3BD1C-BCCF-46A7-92F4-F1BB7C014E6C}.Release|Any CPU.Build.0 = Release|Any CPU
		{8FB3BD1C-BCCF-46A7-92F4-F1BB7C014E6C}.Debug|iPhoneSimulator.ActiveCfg = Debug|Any CPU
		{8FB3BD1C-BCCF-46A7-92F4-F1BB7C014E6C}.Debug|iPhoneSimulator.Build.0 = Debug|Any CPU
		{8FB3BD1C-BCCF-46A7-92F4-F1BB7C014E6C}.Release|iPhoneSimulator.ActiveCfg = Release|Any CPU
		{8FB3BD1C-BCCF-46A7-92F4-F1BB7C014E6C}.Release|iPhoneSimulator.Build.0 = Release|Any CPU
		{8FB3BD1C-BCCF-46A7-92F4-F1BB7C014E6C}.Debug|iPhone.ActiveCfg = Debug|Any CPU
		{8FB3BD1C-BCCF-46A7-92F4-F1BB7C014E6C}.Debug|iPhone.Build.0 = Debug|Any CPU
		{8FB3BD1C-BCCF-46A7-92F4-F1BB7C014E6C}.Release|iPhone.ActiveCfg = Release|Any CPU
		{8FB3BD1C-BCCF-46A7-92F4-F1BB7C014E6C}.Release|iPhone.Build.0 = Release|Any CPU
		{0E076373-BAB1-4C01-ABAB-C3CE8DB9B0A7}.Debug|Any CPU.ActiveCfg = Debug|iPhoneSimulator
		{0E076373-BAB1-4C01-ABAB-C3CE8DB9B0A7}.Debug|Any CPU.Build.0 = Debug|iPhoneSimulator
		{0E076373-BAB1-4C01-ABAB-C3CE8DB9B0A7}.Release|Any CPU.ActiveCfg = Release|iPhoneSimulator
		{0E076373-BAB1-4C01-ABAB-C3CE8DB9B0A7}.Release|Any CPU.Build.0 = Release|iPhoneSimulator
		{0E076373-BAB1-4C01-ABAB-C3CE8DB9B0A7}.Debug|iPhoneSimulator.ActiveCfg = Debug|iPhoneSimulator
		{0E076373-BAB1-4C01-ABAB-C3CE8DB9B0A7}.Debug|iPhoneSimulator.Build.0 = Debug|iPhoneSimulator
		{0E076373-BAB1-4C01-ABAB-C3CE8DB9B0A7}.Release|iPhoneSimulator.ActiveCfg = Release|iPhoneSimulator
		{0E076373-BAB1-4C01-ABAB-C3CE8DB9B0A7}.Release|iPhoneSimulator.Build.0 = Release|iPhoneSimulator
		{0E076373-BAB1-4C01-ABAB-C3CE8DB9B0A7}.Debug|iPhone.ActiveCfg = Debug|iPhone
		{0E076373-BAB1-4C01-ABAB-C3CE8DB9B0A7}.Debug|iPhone.Build.0 = Debug|iPhone
		{0E076373-BAB1-4C01-ABAB-C3CE8DB9B0A7}.Release|iPhone.ActiveCfg = Release|iPhone
		{0E076373-BAB1-4C01-ABAB-C3CE8DB9B0A7}.Release|iPhone.Build.0 = Release|iPhone
		{17DD045D-931D-4390-AC81-DC0F7CEC3734}.Debug|Any CPU.ActiveCfg = Debug|Any CPU
		{17DD045D-931D-4390-AC81-DC0F7CEC3734}.Debug|Any CPU.Build.0 = Debug|Any CPU
		{17DD045D-931D-4390-AC81-DC0F7CEC3734}.Release|Any CPU.ActiveCfg = Release|Any CPU
		{17DD045D-931D-4390-AC81-DC0F7CEC3734}.Release|Any CPU.Build.0 = Release|Any CPU
		{17DD045D-931D-4390-AC81-DC0F7CEC3734}.Debug|iPhoneSimulator.ActiveCfg = Debug|Any CPU
		{17DD045D-931D-4390-AC81-DC0F7CEC3734}.Debug|iPhoneSimulator.Build.0 = Debug|Any CPU
		{17DD045D-931D-4390-AC81-DC0F7CEC3734}.Release|iPhoneSimulator.ActiveCfg = Release|Any CPU
		{17DD045D-931D-4390-AC81-DC0F7CEC3734}.Release|iPhoneSimulator.Build.0 = Release|Any CPU
		{17DD045D-931D-4390-AC81-DC0F7CEC3734}.Debug|iPhone.ActiveCfg = Debug|Any CPU
		{17DD045D-931D-4390-AC81-DC0F7CEC3734}.Debug|iPhone.Build.0 = Debug|Any CPU
		{17DD045D-931D-4390-AC81-DC0F7CEC3734}.Release|iPhone.ActiveCfg = Release|Any CPU
		{17DD045D-931D-4390-AC81-DC0F7CEC3734}.Release|iPhone.Build.0 = Release|Any CPU
	EndGlobalSection
EndGlobal
